<Solution>
  <Folder Name="/src/">
    <Project Path="src/Aetheric.Provisioning.Workbench/Aetheric.Provisioning.Workbench.csproj" />
    <Project Path="src/Aetheric.Provisioning.Workbench.Redis/Aetheric.Provisioning.Workbench.Redis.csproj" />
    <Project Path="src/Aetheric.Provisioning.Persistence/Aetheric.Provisioning.Persistence.csproj" />
    <Project Path="src/Aetheric.Provisioning.Application/Aetheric.Provisioning.Application.csproj" />
    <Project Path="src/Aetheric.Provisioning.Definitions/Aetheric.Provisioning.Definitions.csproj" />
    <Project Path="src/Aetheric.Provisioning.Engine/Aetheric.Provisioning.Engine.csproj" />
    <Project Path="src/Aetheric.Provisioning.Simulation/Aetheric.Provisioning.Simulation.csproj" />
    <Project Path="src/Aetheric.Provisioning.Web/Aetheric.Provisioning.Web.csproj" />
  </Folder>
  <Folder Name="/samples/">
    <Project Path="samples/Aetheric.Provisioning.Workbench.Harness/Aetheric.Provisioning.Workbench.Harness.csproj" />
    <Project Path="samples/Aetheric.Provisioning.Harness/Aetheric.Provisioning.Harness.csproj" />
  </Folder>
  <Folder Name="/tests/">
    <Project Path="tests/Aetheric.Provisioning.Tests/Aetheric.Provisioning.Tests.csproj" />
  </Folder>
</Solution>
